
Microsoft Visual Studio Solution File, Format Version 12.00
# Visual Studio Version 16
VisualStudioVersion = 16.0.30309.148
MinimumVisualStudioVersion = 10.0.40219.1
Project("{FAE04EC0-301F-11D3-BF4B-00C04F79EFBC}") = "TamagotchiGame", "TamagotchiGame\TamagotchiGame.csproj", "{9ECBFB8F-61DB-46D7-9F23-F2FF9472B9B6}"
EndProject
Project("{FAE04EC0-301F-11D3-BF4B-00C04F79EFBC}") = "TamagotchiGame.Tests", "TamagotchiGame.Tests\TamagotchiGame.Tests.csproj", "{472E6AAA-FFD3-4A9D-82AA-34548E7ACC35}"
EndProject
Global
	GlobalSection(SolutionConfigurationPlatforms) = preSolution
		Debug|Any CPU = Debug|Any CPU
		Release|Any CPU = Release|Any CPU
	EndGlobalSection
	GlobalSection(ProjectConfigurationPlatforms) = postSolution
		{9ECBFB8F-61DB-46D7-9F23-F2FF9472B9B6}.Debug|Any CPU.ActiveCfg = Debug|Any CPU
		{9ECBFB8F-61DB-46D7-9F23-F2FF9472B9B6}.Debug|Any CPU.Build.0 = Debug|Any CPU
		{9ECBFB8F-61DB-46D7-9F23-F2FF9472B9B6}.Release|Any CPU.ActiveCfg = Release|Any CPU
		{9ECBFB8F-61DB-46D7-9F23-F2FF9472B9B6}.Release|Any CPU.Build.0 = Release|Any CPU
		{472E6AAA-FFD3-4A9D-82AA-34548E7ACC35}.Debug|Any CPU.ActiveCfg = Debug|Any CPU
		{472E6AAA-FFD3-4A9D-82AA-34548E7ACC35}.Debug|Any CPU.Build.0 = Debug|Any CPU
		{472E6AAA-FFD3-4A9D-82AA-34548E7ACC35}.Release|Any CPU.ActiveCfg = Release|Any CPU
		{472E6AAA-FFD3-4A9D-82AA-34548E7ACC35}.Release|Any CPU.Build.0 = Release|Any CPU
	EndGlobalSection
	GlobalSection(SolutionProperties) = preSolution
		HideSolutionNode = FALSE
	EndGlobalSection
	GlobalSection(ExtensibilityGlobals) = postSolution
		SolutionGuid = {2A52ADE6-C6BF-4D6F-A818-2F0D0DBC875E}
	EndGlobalSection
EndGlobal
